// !$*UTF8*$!
{
	archiveVersion = 1;
	classes = {
	};
	objectVersion = 46;
	objects = {

/* Begin PBXBuildFile section */
		2DC3CEDC1A8333A900A900A4 /* libz.dylib in Frameworks */ = {isa = PBXBuildFile; fileRef = 2DC3CEDB1A8333A900A900A4 /* libz.dylib */; };
		2DC3CEDE1A8333B200A900A4 /* CoreLocation.framework in Frameworks */ = {isa = PBXBuildFile; fileRef = 2DC3CEDD1A8333B200A900A4 /* CoreLocation.framework */; };
		2DE805BC1A8338A100555DAD /* CXMLDocument_CreationExtensions.m in Sources */ = {isa = PBXBuildFile; fileRef = 2DE8059D1A8338A100555DAD /* CXMLDocument_CreationExtensions.m */; };
		2DE805BD1A8338A100555DAD /* CXMLNode_CreationExtensions.m in Sources */ = {isa = PBXBuildFile; fileRef = 2DE8059F1A8338A100555DAD /* CXMLNode_CreationExtensions.m */; };
		2DE805BE1A8338A100555DAD /* CXMLDocument_CreationExtensions.m in Sources */ = {isa = PBXBuildFile; fileRef = 2DE805A11A8338A100555DAD /* CXMLDocument_CreationExtensions.m */; };
		2DE805BF1A8338A100555DAD /* CXMLNode_CreationExtensions.m in Sources */ = {isa = PBXBuildFile; fileRef = 2DE805A31A8338A100555DAD /* CXMLNode_CreationExtensions.m */; };
		2DE805C01A8338A100555DAD /* CXHTMLDocument.m in Sources */ = {isa = PBXBuildFile; fileRef = 2DE805A51A8338A100555DAD /* CXHTMLDocument.m */; };
		2DE805C11A8338A100555DAD /* CXMLDocument_PrivateExtensions.m in Sources */ = {isa = PBXBuildFile; fileRef = 2DE805A71A8338A100555DAD /* CXMLDocument_PrivateExtensions.m */; };
		2DE805C21A8338A100555DAD /* CXMLDocument.m in Sources */ = {isa = PBXBuildFile; fileRef = 2DE805A91A8338A100555DAD /* CXMLDocument.m */; };
		2DE805C31A8338A100555DAD /* CXMLElement_CreationExtensions.m in Sources */ = {isa = PBXBuildFile; fileRef = 2DE805AB1A8338A100555DAD /* CXMLElement_CreationExtensions.m */; };
		2DE805C41A8338A100555DAD /* CXMLElement_ElementTreeExtensions.m in Sources */ = {isa = PBXBuildFile; fileRef = 2DE805AD1A8338A100555DAD /* CXMLElement_ElementTreeExtensions.m */; };
		2DE805C51A8338A100555DAD /* CXMLElement.m in Sources */ = {isa = PBXBuildFile; fileRef = 2DE805AF1A8338A100555DAD /* CXMLElement.m */; };
		2DE805C61A8338A100555DAD /* CXMLNamespaceNode.m in Sources */ = {isa = PBXBuildFile; fileRef = 2DE805B11A8338A100555DAD /* CXMLNamespaceNode.m */; };
		2DE805C71A8338A100555DAD /* CXMLNode_PrivateExtensions.m in Sources */ = {isa = PBXBuildFile; fileRef = 2DE805B31A8338A100555DAD /* CXMLNode_PrivateExtensions.m */; };
		2DE805C81A8338A100555DAD /* CXMLNode_XPathExtensions.m in Sources */ = {isa = PBXBuildFile; fileRef = 2DE805B51A8338A100555DAD /* CXMLNode_XPathExtensions.m */; };
		2DE805C91A8338A100555DAD /* CXMLNode.m in Sources */ = {isa = PBXBuildFile; fileRef = 2DE805B71A8338A100555DAD /* CXMLNode.m */; };
		2DE805CA1A8338A100555DAD /* CTidy.m in Sources */ = {isa = PBXBuildFile; fileRef = 2DE805BA1A8338A100555DAD /* CTidy.m */; };
		B4081D041A325782001D8793 /* RemoteImageTableViewCell.m in Sources */ = {isa = PBXBuildFile; fileRef = B4081D031A325782001D8793 /* RemoteImageTableViewCell.m */; };
		B40866101A3FA08E0093CC61 /* WebViewController.m in Sources */ = {isa = PBXBuildFile; fileRef = B408660E1A3FA08E0093CC61 /* WebViewController.m */; };
		B40866111A3FA08E0093CC61 /* WebViewController.xib in Resources */ = {isa = PBXBuildFile; fileRef = B408660F1A3FA08E0093CC61 /* WebViewController.xib */; };
		B40866151A3FA4230093CC61 /* MapViewController.m in Sources */ = {isa = PBXBuildFile; fileRef = B40866131A3FA4230093CC61 /* MapViewController.m */; };
		B40866161A3FA4230093CC61 /* MapViewController.xib in Resources */ = {isa = PBXBuildFile; fileRef = B40866141A3FA4230093CC61 /* MapViewController.xib */; };
		B42125EA1A5DAD760041ED7B /* KMLViewerViewController.xib in Resources */ = {isa = PBXBuildFile; fileRef = B42125E91A5DAD760041ED7B /* KMLViewerViewController.xib */; };
		B421261C1A5DCD430041ED7B /* ioapi.c in Sources */ = {isa = PBXBuildFile; fileRef = B42125F01A5DCD430041ED7B /* ioapi.c */; };
		B421261D1A5DCD430041ED7B /* unzip.c in Sources */ = {isa = PBXBuildFile; fileRef = B42125F21A5DCD430041ED7B /* unzip.c */; };
		B421261E1A5DCD430041ED7B /* zip.c in Sources */ = {isa = PBXBuildFile; fileRef = B42125F41A5DCD430041ED7B /* zip.c */; };
		B421261F1A5DCD430041ED7B /* FileInZipInfo.m in Sources */ = {isa = PBXBuildFile; fileRef = B42125F81A5DCD430041ED7B /* FileInZipInfo.m */; };
		B42126201A5DCD430041ED7B /* ZipException.m in Sources */ = {isa = PBXBuildFile; fileRef = B42125FA1A5DCD430041ED7B /* ZipException.m */; };
		B42126211A5DCD430041ED7B /* ZipFile.m in Sources */ = {isa = PBXBuildFile; fileRef = B42125FC1A5DCD430041ED7B /* ZipFile.m */; };
		B42126221A5DCD430041ED7B /* ZipReadStream.m in Sources */ = {isa = PBXBuildFile; fileRef = B42125FE1A5DCD430041ED7B /* ZipReadStream.m */; };
		B42126231A5DCD430041ED7B /* ZipWriteStream.m in Sources */ = {isa = PBXBuildFile; fileRef = B42126001A5DCD430041ED7B /* ZipWriteStream.m */; };
		B42126241A5DCD430041ED7B /* adler32.c in Sources */ = {isa = PBXBuildFile; fileRef = B42126021A5DCD430041ED7B /* adler32.c */; };
		B42126251A5DCD430041ED7B /* compress.c in Sources */ = {isa = PBXBuildFile; fileRef = B42126031A5DCD430041ED7B /* compress.c */; };
		B42126261A5DCD430041ED7B /* crc32.c in Sources */ = {isa = PBXBuildFile; fileRef = B42126041A5DCD430041ED7B /* crc32.c */; };
		B42126271A5DCD430041ED7B /* deflate.c in Sources */ = {isa = PBXBuildFile; fileRef = B42126061A5DCD430041ED7B /* deflate.c */; };
		B42126281A5DCD430041ED7B /* gzclose.c in Sources */ = {isa = PBXBuildFile; fileRef = B42126081A5DCD430041ED7B /* gzclose.c */; };
		B42126291A5DCD430041ED7B /* gzlib.c in Sources */ = {isa = PBXBuildFile; fileRef = B421260A1A5DCD430041ED7B /* gzlib.c */; };
		B421262A1A5DCD430041ED7B /* gzread.c in Sources */ = {isa = PBXBuildFile; fileRef = B421260B1A5DCD430041ED7B /* gzread.c */; };
		B421262B1A5DCD430041ED7B /* gzwrite.c in Sources */ = {isa = PBXBuildFile; fileRef = B421260C1A5DCD430041ED7B /* gzwrite.c */; };
		B421262C1A5DCD430041ED7B /* infback.c in Sources */ = {isa = PBXBuildFile; fileRef = B421260D1A5DCD430041ED7B /* infback.c */; };
		B421262D1A5DCD430041ED7B /* inffast.c in Sources */ = {isa = PBXBuildFile; fileRef = B421260E1A5DCD430041ED7B /* inffast.c */; };
		B421262E1A5DCD430041ED7B /* inflate.c in Sources */ = {isa = PBXBuildFile; fileRef = B42126111A5DCD430041ED7B /* inflate.c */; };
		B421262F1A5DCD430041ED7B /* inftrees.c in Sources */ = {isa = PBXBuildFile; fileRef = B42126131A5DCD430041ED7B /* inftrees.c */; };
		B42126301A5DCD430041ED7B /* trees.c in Sources */ = {isa = PBXBuildFile; fileRef = B42126151A5DCD430041ED7B /* trees.c */; };
		B42126311A5DCD430041ED7B /* uncompr.c in Sources */ = {isa = PBXBuildFile; fileRef = B42126171A5DCD430041ED7B /* uncompr.c */; };
		B42126321A5DCD430041ED7B /* zutil.c in Sources */ = {isa = PBXBuildFile; fileRef = B421261A1A5DCD430041ED7B /* zutil.c */; };
		B452FD591A52FD160033CCB1 /* KMLParser.m in Sources */ = {isa = PBXBuildFile; fileRef = B452FD561A52FD160033CCB1 /* KMLParser.m */; };
		B452FD5A1A52FD160033CCB1 /* KMLViewerViewController.m in Sources */ = {isa = PBXBuildFile; fileRef = B452FD581A52FD160033CCB1 /* KMLViewerViewController.m */; };
		B454717F1A33D0AB008F2B17 /* XMLDictionary.m in Sources */ = {isa = PBXBuildFile; fileRef = B454717E1A33D0AB008F2B17 /* XMLDictionary.m */; };
		B45EF8AA1A32403C003A3739 /* .gitignore in Resources */ = {isa = PBXBuildFile; fileRef = B45EF8A81A32403C003A3739 /* .gitignore */; };
		B45EF8AB1A32403C003A3739 /* TemplateIcon2x.png in Resources */ = {isa = PBXBuildFile; fileRef = B45EF8A91A32403C003A3739 /* TemplateIcon2x.png */; };
		B489328E1A64D54000E7ECC8 /* BusRoutes.json in Resources */ = {isa = PBXBuildFile; fileRef = B489328D1A64D54000E7ECC8 /* BusRoutes.json */; };
		B49BBFF21A329BD4000CA48C /* notLoadedArt.png in Resources */ = {isa = PBXBuildFile; fileRef = B49BBFF11A329BD4000CA48C /* notLoadedArt.png */; };
		B49BBFF51A32B2FA000CA48C /* ArtCardViewController.m in Sources */ = {isa = PBXBuildFile; fileRef = B49BBFF41A32B2FA000CA48C /* ArtCardViewController.m */; };
		B4CEA39B1A31510800569F5C /* main.m in Sources */ = {isa = PBXBuildFile; fileRef = B4CEA39A1A31510800569F5C /* main.m */; };
		B4CEA39E1A31510800569F5C /* AppDelegate.m in Sources */ = {isa = PBXBuildFile; fileRef = B4CEA39D1A31510800569F5C /* AppDelegate.m */; };
		B4CEA3A11A31510800569F5C /* MasterViewController.m in Sources */ = {isa = PBXBuildFile; fileRef = B4CEA3A01A31510800569F5C /* MasterViewController.m */; };
		B4CEA3A41A31510800569F5C /* DetailViewController.m in Sources */ = {isa = PBXBuildFile; fileRef = B4CEA3A31A31510800569F5C /* DetailViewController.m */; };
		B4CEA3A71A31510800569F5C /* Main.storyboard in Resources */ = {isa = PBXBuildFile; fileRef = B4CEA3A51A31510800569F5C /* Main.storyboard */; };
		B4CEA3A91A31510800569F5C /* Images.xcassets in Resources */ = {isa = PBXBuildFile; fileRef = B4CEA3A81A31510800569F5C /* Images.xcassets */; };
		B4CEA3AC1A31510800569F5C /* LaunchScreen.xib in Resources */ = {isa = PBXBuildFile; fileRef = B4CEA3AA1A31510800569F5C /* LaunchScreen.xib */; };
		B4CEA3B81A31510800569F5C /* Abq_DataTests.m in Sources */ = {isa = PBXBuildFile; fileRef = B4CEA3B71A31510800569F5C /* Abq_DataTests.m */; };
		B4CEA3C41A31520100569F5C /* DataEngine.m in Sources */ = {isa = PBXBuildFile; fileRef = B4CEA3C31A31520100569F5C /* DataEngine.m */; };
		B4CEA3F21A3213BA00569F5C /* AbqData.json in Resources */ = {isa = PBXBuildFile; fileRef = B4CEA3F11A3213BA00569F5C /* AbqData.json */; };
/* End PBXBuildFile section */

/* Begin PBXContainerItemProxy section */
		B4CEA3B21A31510800569F5C /* PBXContainerItemProxy */ = {
			isa = PBXContainerItemProxy;
			containerPortal = B4CEA38D1A31510800569F5C /* Project object */;
			proxyType = 1;
			remoteGlobalIDString = B4CEA3941A31510800569F5C;
			remoteInfo = "Abq Data";
		};
/* End PBXContainerItemProxy section */

/* Begin PBXFileReference section */
		2DC3CEDB1A8333A900A900A4 /* libz.dylib */ = {isa = PBXFileReference; lastKnownFileType = "compiled.mach-o.dylib"; name = libz.dylib; path = usr/lib/libz.dylib; sourceTree = SDKROOT; };
		2DC3CEDD1A8333B200A900A4 /* CoreLocation.framework */ = {isa = PBXFileReference; lastKnownFileType = wrapper.framework; name = CoreLocation.framework; path = System/Library/Frameworks/CoreLocation.framework; sourceTree = SDKROOT; };
		2DE8059C1A8338A100555DAD /* CXMLDocument_CreationExtensions.h */ = {isa = PBXFileReference; fileEncoding = 4; lastKnownFileType = sourcecode.c.h; path = CXMLDocument_CreationExtensions.h; sourceTree = "<group>"; };
		2DE8059D1A8338A100555DAD /* CXMLDocument_CreationExtensions.m */ = {isa = PBXFileReference; fileEncoding = 4; lastKnownFileType = sourcecode.c.objc; path = CXMLDocument_CreationExtensions.m; sourceTree = "<group>"; };
		2DE8059E1A8338A100555DAD /* CXMLNode_CreationExtensions.h */ = {isa = PBXFileReference; fileEncoding = 4; lastKnownFileType = sourcecode.c.h; path = CXMLNode_CreationExtensions.h; sourceTree = "<group>"; };
		2DE8059F1A8338A100555DAD /* CXMLNode_CreationExtensions.m */ = {isa = PBXFileReference; fileEncoding = 4; lastKnownFileType = sourcecode.c.objc; path = CXMLNode_CreationExtensions.m; sourceTree = "<group>"; };
		2DE805A01A8338A100555DAD /* CXMLDocument_CreationExtensions.h */ = {isa = PBXFileReference; fileEncoding = 4; lastKnownFileType = sourcecode.c.h; path = CXMLDocument_CreationExtensions.h; sourceTree = "<group>"; };
		2DE805A11A8338A100555DAD /* CXMLDocument_CreationExtensions.m */ = {isa = PBXFileReference; fileEncoding = 4; lastKnownFileType = sourcecode.c.objc; path = CXMLDocument_CreationExtensions.m; sourceTree = "<group>"; };
		2DE805A21A8338A100555DAD /* CXMLNode_CreationExtensions.h */ = {isa = PBXFileReference; fileEncoding = 4; lastKnownFileType = sourcecode.c.h; path = CXMLNode_CreationExtensions.h; sourceTree = "<group>"; };
		2DE805A31A8338A100555DAD /* CXMLNode_CreationExtensions.m */ = {isa = PBXFileReference; fileEncoding = 4; lastKnownFileType = sourcecode.c.objc; path = CXMLNode_CreationExtensions.m; sourceTree = "<group>"; };
		2DE805A41A8338A100555DAD /* CXHTMLDocument.h */ = {isa = PBXFileReference; fileEncoding = 4; lastKnownFileType = sourcecode.c.h; path = CXHTMLDocument.h; sourceTree = "<group>"; };
		2DE805A51A8338A100555DAD /* CXHTMLDocument.m */ = {isa = PBXFileReference; fileEncoding = 4; lastKnownFileType = sourcecode.c.objc; path = CXHTMLDocument.m; sourceTree = "<group>"; };
		2DE805A61A8338A100555DAD /* CXMLDocument_PrivateExtensions.h */ = {isa = PBXFileReference; fileEncoding = 4; lastKnownFileType = sourcecode.c.h; path = CXMLDocument_PrivateExtensions.h; sourceTree = "<group>"; };
		2DE805A71A8338A100555DAD /* CXMLDocument_PrivateExtensions.m */ = {isa = PBXFileReference; fileEncoding = 4; lastKnownFileType = sourcecode.c.objc; path = CXMLDocument_PrivateExtensions.m; sourceTree = "<group>"; };
		2DE805A81A8338A100555DAD /* CXMLDocument.h */ = {isa = PBXFileReference; fileEncoding = 4; lastKnownFileType = sourcecode.c.h; path = CXMLDocument.h; sourceTree = "<group>"; };
		2DE805A91A8338A100555DAD /* CXMLDocument.m */ = {isa = PBXFileReference; fileEncoding = 4; lastKnownFileType = sourcecode.c.objc; path = CXMLDocument.m; sourceTree = "<group>"; };
		2DE805AA1A8338A100555DAD /* CXMLElement_CreationExtensions.h */ = {isa = PBXFileReference; fileEncoding = 4; lastKnownFileType = sourcecode.c.h; path = CXMLElement_CreationExtensions.h; sourceTree = "<group>"; };
		2DE805AB1A8338A100555DAD /* CXMLElement_CreationExtensions.m */ = {isa = PBXFileReference; fileEncoding = 4; lastKnownFileType = sourcecode.c.objc; path = CXMLElement_CreationExtensions.m; sourceTree = "<group>"; };
		2DE805AC1A8338A100555DAD /* CXMLElement_ElementTreeExtensions.h */ = {isa = PBXFileReference; fileEncoding = 4; lastKnownFileType = sourcecode.c.h; path = CXMLElement_ElementTreeExtensions.h; sourceTree = "<group>"; };
		2DE805AD1A8338A100555DAD /* CXMLElement_ElementTreeExtensions.m */ = {isa = PBXFileReference; fileEncoding = 4; lastKnownFileType = sourcecode.c.objc; path = CXMLElement_ElementTreeExtensions.m; sourceTree = "<group>"; };
		2DE805AE1A8338A100555DAD /* CXMLElement.h */ = {isa = PBXFileReference; fileEncoding = 4; lastKnownFileType = sourcecode.c.h; path = CXMLElement.h; sourceTree = "<group>"; };
		2DE805AF1A8338A100555DAD /* CXMLElement.m */ = {isa = PBXFileReference; fileEncoding = 4; lastKnownFileType = sourcecode.c.objc; path = CXMLElement.m; sourceTree = "<group>"; };
		2DE805B01A8338A100555DAD /* CXMLNamespaceNode.h */ = {isa = PBXFileReference; fileEncoding = 4; lastKnownFileType = sourcecode.c.h; path = CXMLNamespaceNode.h; sourceTree = "<group>"; };
		2DE805B11A8338A100555DAD /* CXMLNamespaceNode.m */ = {isa = PBXFileReference; fileEncoding = 4; lastKnownFileType = sourcecode.c.objc; path = CXMLNamespaceNode.m; sourceTree = "<group>"; };
		2DE805B21A8338A100555DAD /* CXMLNode_PrivateExtensions.h */ = {isa = PBXFileReference; fileEncoding = 4; lastKnownFileType = sourcecode.c.h; path = CXMLNode_PrivateExtensions.h; sourceTree = "<group>"; };
		2DE805B31A8338A100555DAD /* CXMLNode_PrivateExtensions.m */ = {isa = PBXFileReference; fileEncoding = 4; lastKnownFileType = sourcecode.c.objc; path = CXMLNode_PrivateExtensions.m; sourceTree = "<group>"; };
		2DE805B41A8338A100555DAD /* CXMLNode_XPathExtensions.h */ = {isa = PBXFileReference; fileEncoding = 4; lastKnownFileType = sourcecode.c.h; path = CXMLNode_XPathExtensions.h; sourceTree = "<group>"; };
		2DE805B51A8338A100555DAD /* CXMLNode_XPathExtensions.m */ = {isa = PBXFileReference; fileEncoding = 4; lastKnownFileType = sourcecode.c.objc; path = CXMLNode_XPathExtensions.m; sourceTree = "<group>"; };
		2DE805B61A8338A100555DAD /* CXMLNode.h */ = {isa = PBXFileReference; fileEncoding = 4; lastKnownFileType = sourcecode.c.h; path = CXMLNode.h; sourceTree = "<group>"; };
		2DE805B71A8338A100555DAD /* CXMLNode.m */ = {isa = PBXFileReference; fileEncoding = 4; lastKnownFileType = sourcecode.c.objc; path = CXMLNode.m; sourceTree = "<group>"; };
		2DE805B91A8338A100555DAD /* CTidy.h */ = {isa = PBXFileReference; fileEncoding = 4; lastKnownFileType = sourcecode.c.h; path = CTidy.h; sourceTree = "<group>"; };
		2DE805BA1A8338A100555DAD /* CTidy.m */ = {isa = PBXFileReference; fileEncoding = 4; lastKnownFileType = sourcecode.c.objc; path = CTidy.m; sourceTree = "<group>"; };
		2DE805BB1A8338A100555DAD /* TouchXML.h */ = {isa = PBXFileReference; fileEncoding = 4; lastKnownFileType = sourcecode.c.h; path = TouchXML.h; sourceTree = "<group>"; };
		B4081D021A325782001D8793 /* RemoteImageTableViewCell.h */ = {isa = PBXFileReference; fileEncoding = 4; lastKnownFileType = sourcecode.c.h; path = RemoteImageTableViewCell.h; sourceTree = "<group>"; };
		B4081D031A325782001D8793 /* RemoteImageTableViewCell.m */ = {isa = PBXFileReference; fileEncoding = 4; lastKnownFileType = sourcecode.c.objc; path = RemoteImageTableViewCell.m; sourceTree = "<group>"; };
		B408660D1A3FA08E0093CC61 /* WebViewController.h */ = {isa = PBXFileReference; fileEncoding = 4; lastKnownFileType = sourcecode.c.h; path = WebViewController.h; sourceTree = "<group>"; };
		B408660E1A3FA08E0093CC61 /* WebViewController.m */ = {isa = PBXFileReference; fileEncoding = 4; lastKnownFileType = sourcecode.c.objc; path = WebViewController.m; sourceTree = "<group>"; };
		B408660F1A3FA08E0093CC61 /* WebViewController.xib */ = {isa = PBXFileReference; fileEncoding = 4; lastKnownFileType = file.xib; path = WebViewController.xib; sourceTree = "<group>"; };
		B40866121A3FA4230093CC61 /* MapViewController.h */ = {isa = PBXFileReference; fileEncoding = 4; lastKnownFileType = sourcecode.c.h; path = MapViewController.h; sourceTree = "<group>"; };
		B40866131A3FA4230093CC61 /* MapViewController.m */ = {isa = PBXFileReference; fileEncoding = 4; lastKnownFileType = sourcecode.c.objc; path = MapViewController.m; sourceTree = "<group>"; };
		B40866141A3FA4230093CC61 /* MapViewController.xib */ = {isa = PBXFileReference; fileEncoding = 4; lastKnownFileType = file.xib; path = MapViewController.xib; sourceTree = "<group>"; };
		B42125E91A5DAD760041ED7B /* KMLViewerViewController.xib */ = {isa = PBXFileReference; fileEncoding = 4; lastKnownFileType = file.xib; path = KMLViewerViewController.xib; sourceTree = "<group>"; };
		B42125ED1A5DCD430041ED7B /* ARCHelper.h */ = {isa = PBXFileReference; fileEncoding = 4; lastKnownFileType = sourcecode.c.h; path = ARCHelper.h; sourceTree = "<group>"; };
		B42125EF1A5DCD430041ED7B /* crypt.h */ = {isa = PBXFileReference; fileEncoding = 4; lastKnownFileType = sourcecode.c.h; path = crypt.h; sourceTree = "<group>"; };
		B42125F01A5DCD430041ED7B /* ioapi.c */ = {isa = PBXFileReference; fileEncoding = 4; lastKnownFileType = sourcecode.c.c; path = ioapi.c; sourceTree = "<group>"; };
		B42125F11A5DCD430041ED7B /* ioapi.h */ = {isa = PBXFileReference; fileEncoding = 4; lastKnownFileType = sourcecode.c.h; path = ioapi.h; sourceTree = "<group>"; };
		B42125F21A5DCD430041ED7B /* unzip.c */ = {isa = PBXFileReference; fileEncoding = 4; lastKnownFileType = sourcecode.c.c; path = unzip.c; sourceTree = "<group>"; };
		B42125F31A5DCD430041ED7B /* unzip.h */ = {isa = PBXFileReference; fileEncoding = 4; lastKnownFileType = sourcecode.c.h; path = unzip.h; sourceTree = "<group>"; };
		B42125F41A5DCD430041ED7B /* zip.c */ = {isa = PBXFileReference; fileEncoding = 4; lastKnownFileType = sourcecode.c.c; path = zip.c; sourceTree = "<group>"; };
		B42125F51A5DCD430041ED7B /* zip.h */ = {isa = PBXFileReference; fileEncoding = 4; lastKnownFileType = sourcecode.c.h; path = zip.h; sourceTree = "<group>"; };
		B42125F71A5DCD430041ED7B /* FileInZipInfo.h */ = {isa = PBXFileReference; fileEncoding = 4; lastKnownFileType = sourcecode.c.h; path = FileInZipInfo.h; sourceTree = "<group>"; };
		B42125F81A5DCD430041ED7B /* FileInZipInfo.m */ = {isa = PBXFileReference; fileEncoding = 4; lastKnownFileType = sourcecode.c.objc; path = FileInZipInfo.m; sourceTree = "<group>"; };
		B42125F91A5DCD430041ED7B /* ZipException.h */ = {isa = PBXFileReference; fileEncoding = 4; lastKnownFileType = sourcecode.c.h; path = ZipException.h; sourceTree = "<group>"; };
		B42125FA1A5DCD430041ED7B /* ZipException.m */ = {isa = PBXFileReference; fileEncoding = 4; lastKnownFileType = sourcecode.c.objc; path = ZipException.m; sourceTree = "<group>"; };
		B42125FB1A5DCD430041ED7B /* ZipFile.h */ = {isa = PBXFileReference; fileEncoding = 4; lastKnownFileType = sourcecode.c.h; path = ZipFile.h; sourceTree = "<group>"; };
		B42125FC1A5DCD430041ED7B /* ZipFile.m */ = {isa = PBXFileReference; fileEncoding = 4; lastKnownFileType = sourcecode.c.objc; path = ZipFile.m; sourceTree = "<group>"; };
		B42125FD1A5DCD430041ED7B /* ZipReadStream.h */ = {isa = PBXFileReference; fileEncoding = 4; lastKnownFileType = sourcecode.c.h; path = ZipReadStream.h; sourceTree = "<group>"; };
		B42125FE1A5DCD430041ED7B /* ZipReadStream.m */ = {isa = PBXFileReference; fileEncoding = 4; lastKnownFileType = sourcecode.c.objc; path = ZipReadStream.m; sourceTree = "<group>"; };
		B42125FF1A5DCD430041ED7B /* ZipWriteStream.h */ = {isa = PBXFileReference; fileEncoding = 4; lastKnownFileType = sourcecode.c.h; path = ZipWriteStream.h; sourceTree = "<group>"; };
		B42126001A5DCD430041ED7B /* ZipWriteStream.m */ = {isa = PBXFileReference; fileEncoding = 4; lastKnownFileType = sourcecode.c.objc; path = ZipWriteStream.m; sourceTree = "<group>"; };
		B42126021A5DCD430041ED7B /* adler32.c */ = {isa = PBXFileReference; fileEncoding = 4; lastKnownFileType = sourcecode.c.c; path = adler32.c; sourceTree = "<group>"; };
		B42126031A5DCD430041ED7B /* compress.c */ = {isa = PBXFileReference; fileEncoding = 4; lastKnownFileType = sourcecode.c.c; path = compress.c; sourceTree = "<group>"; };
		B42126041A5DCD430041ED7B /* crc32.c */ = {isa = PBXFileReference; fileEncoding = 4; lastKnownFileType = sourcecode.c.c; path = crc32.c; sourceTree = "<group>"; };
		B42126051A5DCD430041ED7B /* crc32.h */ = {isa = PBXFileReference; fileEncoding = 4; lastKnownFileType = sourcecode.c.h; path = crc32.h; sourceTree = "<group>"; };
		B42126061A5DCD430041ED7B /* deflate.c */ = {isa = PBXFileReference; fileEncoding = 4; lastKnownFileType = sourcecode.c.c; path = deflate.c; sourceTree = "<group>"; };
		B42126071A5DCD430041ED7B /* deflate.h */ = {isa = PBXFileReference; fileEncoding = 4; lastKnownFileType = sourcecode.c.h; path = deflate.h; sourceTree = "<group>"; };
		B42126081A5DCD430041ED7B /* gzclose.c */ = {isa = PBXFileReference; fileEncoding = 4; lastKnownFileType = sourcecode.c.c; path = gzclose.c; sourceTree = "<group>"; };
		B42126091A5DCD430041ED7B /* gzguts.h */ = {isa = PBXFileReference; fileEncoding = 4; lastKnownFileType = sourcecode.c.h; path = gzguts.h; sourceTree = "<group>"; };
		B421260A1A5DCD430041ED7B /* gzlib.c */ = {isa = PBXFileReference; fileEncoding = 4; lastKnownFileType = sourcecode.c.c; path = gzlib.c; sourceTree = "<group>"; };
		B421260B1A5DCD430041ED7B /* gzread.c */ = {isa = PBXFileReference; fileEncoding = 4; lastKnownFileType = sourcecode.c.c; path = gzread.c; sourceTree = "<group>"; };
		B421260C1A5DCD430041ED7B /* gzwrite.c */ = {isa = PBXFileReference; fileEncoding = 4; lastKnownFileType = sourcecode.c.c; path = gzwrite.c; sourceTree = "<group>"; };
		B421260D1A5DCD430041ED7B /* infback.c */ = {isa = PBXFileReference; fileEncoding = 4; lastKnownFileType = sourcecode.c.c; path = infback.c; sourceTree = "<group>"; };
		B421260E1A5DCD430041ED7B /* inffast.c */ = {isa = PBXFileReference; fileEncoding = 4; lastKnownFileType = sourcecode.c.c; path = inffast.c; sourceTree = "<group>"; };
		B421260F1A5DCD430041ED7B /* inffast.h */ = {isa = PBXFileReference; fileEncoding = 4; lastKnownFileType = sourcecode.c.h; path = inffast.h; sourceTree = "<group>"; };
		B42126101A5DCD430041ED7B /* inffixed.h */ = {isa = PBXFileReference; fileEncoding = 4; lastKnownFileType = sourcecode.c.h; path = inffixed.h; sourceTree = "<group>"; };
		B42126111A5DCD430041ED7B /* inflate.c */ = {isa = PBXFileReference; fileEncoding = 4; lastKnownFileType = sourcecode.c.c; path = inflate.c; sourceTree = "<group>"; };
		B42126121A5DCD430041ED7B /* inflate.h */ = {isa = PBXFileReference; fileEncoding = 4; lastKnownFileType = sourcecode.c.h; path = inflate.h; sourceTree = "<group>"; };
		B42126131A5DCD430041ED7B /* inftrees.c */ = {isa = PBXFileReference; fileEncoding = 4; lastKnownFileType = sourcecode.c.c; path = inftrees.c; sourceTree = "<group>"; };
		B42126141A5DCD430041ED7B /* inftrees.h */ = {isa = PBXFileReference; fileEncoding = 4; lastKnownFileType = sourcecode.c.h; path = inftrees.h; sourceTree = "<group>"; };
		B42126151A5DCD430041ED7B /* trees.c */ = {isa = PBXFileReference; fileEncoding = 4; lastKnownFileType = sourcecode.c.c; path = trees.c; sourceTree = "<group>"; };
		B42126161A5DCD430041ED7B /* trees.h */ = {isa = PBXFileReference; fileEncoding = 4; lastKnownFileType = sourcecode.c.h; path = trees.h; sourceTree = "<group>"; };
		B42126171A5DCD430041ED7B /* uncompr.c */ = {isa = PBXFileReference; fileEncoding = 4; lastKnownFileType = sourcecode.c.c; path = uncompr.c; sourceTree = "<group>"; };
		B42126181A5DCD430041ED7B /* zconf.h */ = {isa = PBXFileReference; fileEncoding = 4; lastKnownFileType = sourcecode.c.h; path = zconf.h; sourceTree = "<group>"; };
		B42126191A5DCD430041ED7B /* zlib.h */ = {isa = PBXFileReference; fileEncoding = 4; lastKnownFileType = sourcecode.c.h; path = zlib.h; sourceTree = "<group>"; };
		B421261A1A5DCD430041ED7B /* zutil.c */ = {isa = PBXFileReference; fileEncoding = 4; lastKnownFileType = sourcecode.c.c; path = zutil.c; sourceTree = "<group>"; };
		B421261B1A5DCD430041ED7B /* zutil.h */ = {isa = PBXFileReference; fileEncoding = 4; lastKnownFileType = sourcecode.c.h; path = zutil.h; sourceTree = "<group>"; };
		B452FD551A52FD160033CCB1 /* KMLParser.h */ = {isa = PBXFileReference; fileEncoding = 4; lastKnownFileType = sourcecode.c.h; path = KMLParser.h; sourceTree = "<group>"; };
		B452FD561A52FD160033CCB1 /* KMLParser.m */ = {isa = PBXFileReference; fileEncoding = 4; lastKnownFileType = sourcecode.c.objc; path = KMLParser.m; sourceTree = "<group>"; };
		B452FD571A52FD160033CCB1 /* KMLViewerViewController.h */ = {isa = PBXFileReference; fileEncoding = 4; lastKnownFileType = sourcecode.c.h; path = KMLViewerViewController.h; sourceTree = "<group>"; };
		B452FD581A52FD160033CCB1 /* KMLViewerViewController.m */ = {isa = PBXFileReference; fileEncoding = 4; lastKnownFileType = sourcecode.c.objc; path = KMLViewerViewController.m; sourceTree = "<group>"; };
		B454717D1A33D0AB008F2B17 /* XMLDictionary.h */ = {isa = PBXFileReference; fileEncoding = 4; lastKnownFileType = sourcecode.c.h; path = XMLDictionary.h; sourceTree = "<group>"; };
		B454717E1A33D0AB008F2B17 /* XMLDictionary.m */ = {isa = PBXFileReference; fileEncoding = 4; lastKnownFileType = sourcecode.c.objc; path = XMLDictionary.m; sourceTree = "<group>"; };
		B45EF8A81A32403C003A3739 /* .gitignore */ = {isa = PBXFileReference; fileEncoding = 4; lastKnownFileType = text; path = .gitignore; sourceTree = SOURCE_ROOT; };
		B45EF8A91A32403C003A3739 /* TemplateIcon2x.png */ = {isa = PBXFileReference; lastKnownFileType = image.png; path = TemplateIcon2x.png; sourceTree = SOURCE_ROOT; };
		B489328D1A64D54000E7ECC8 /* BusRoutes.json */ = {isa = PBXFileReference; fileEncoding = 4; lastKnownFileType = text.json; path = BusRoutes.json; sourceTree = "<group>"; };
		B49BBFF11A329BD4000CA48C /* notLoadedArt.png */ = {isa = PBXFileReference; lastKnownFileType = image.png; name = notLoadedArt.png; path = images/notLoadedArt.png; sourceTree = "<group>"; };
		B49BBFF31A32B2FA000CA48C /* ArtCardViewController.h */ = {isa = PBXFileReference; fileEncoding = 4; lastKnownFileType = sourcecode.c.h; path = ArtCardViewController.h; sourceTree = "<group>"; };
		B49BBFF41A32B2FA000CA48C /* ArtCardViewController.m */ = {isa = PBXFileReference; fileEncoding = 4; lastKnownFileType = sourcecode.c.objc; path = ArtCardViewController.m; sourceTree = "<group>"; };
		B49BBFF61A32CFD0000CA48C /* README.md */ = {isa = PBXFileReference; fileEncoding = 4; lastKnownFileType = net.daringfireball.markdown; path = README.md; sourceTree = "<group>"; };
		B4CEA3951A31510800569F5C /* Abq Data.app */ = {isa = PBXFileReference; explicitFileType = wrapper.application; includeInIndex = 0; path = "Abq Data.app"; sourceTree = BUILT_PRODUCTS_DIR; };
		B4CEA3991A31510800569F5C /* Info.plist */ = {isa = PBXFileReference; lastKnownFileType = text.plist.xml; path = Info.plist; sourceTree = "<group>"; };
		B4CEA39A1A31510800569F5C /* main.m */ = {isa = PBXFileReference; lastKnownFileType = sourcecode.c.objc; path = main.m; sourceTree = "<group>"; };
		B4CEA39C1A31510800569F5C /* AppDelegate.h */ = {isa = PBXFileReference; lastKnownFileType = sourcecode.c.h; path = AppDelegate.h; sourceTree = "<group>"; };
		B4CEA39D1A31510800569F5C /* AppDelegate.m */ = {isa = PBXFileReference; lastKnownFileType = sourcecode.c.objc; path = AppDelegate.m; sourceTree = "<group>"; };
		B4CEA39F1A31510800569F5C /* MasterViewController.h */ = {isa = PBXFileReference; lastKnownFileType = sourcecode.c.h; path = MasterViewController.h; sourceTree = "<group>"; };
		B4CEA3A01A31510800569F5C /* MasterViewController.m */ = {isa = PBXFileReference; lastKnownFileType = sourcecode.c.objc; path = MasterViewController.m; sourceTree = "<group>"; };
		B4CEA3A21A31510800569F5C /* DetailViewController.h */ = {isa = PBXFileReference; lastKnownFileType = sourcecode.c.h; path = DetailViewController.h; sourceTree = "<group>"; };
		B4CEA3A31A31510800569F5C /* DetailViewController.m */ = {isa = PBXFileReference; lastKnownFileType = sourcecode.c.objc; path = DetailViewController.m; sourceTree = "<group>"; };
		B4CEA3A61A31510800569F5C /* Base */ = {isa = PBXFileReference; lastKnownFileType = file.storyboard; name = Base; path = Base.lproj/Main.storyboard; sourceTree = "<group>"; };
		B4CEA3A81A31510800569F5C /* Images.xcassets */ = {isa = PBXFileReference; lastKnownFileType = folder.assetcatalog; path = Images.xcassets; sourceTree = "<group>"; };
		B4CEA3AB1A31510800569F5C /* Base */ = {isa = PBXFileReference; lastKnownFileType = file.xib; name = Base; path = Base.lproj/LaunchScreen.xib; sourceTree = "<group>"; };
		B4CEA3B11A31510800569F5C /* Abq DataTests.xctest */ = {isa = PBXFileReference; explicitFileType = wrapper.cfbundle; includeInIndex = 0; path = "Abq DataTests.xctest"; sourceTree = BUILT_PRODUCTS_DIR; };
		B4CEA3B61A31510800569F5C /* Info.plist */ = {isa = PBXFileReference; lastKnownFileType = text.plist.xml; path = Info.plist; sourceTree = "<group>"; };
		B4CEA3B71A31510800569F5C /* Abq_DataTests.m */ = {isa = PBXFileReference; lastKnownFileType = sourcecode.c.objc; path = Abq_DataTests.m; sourceTree = "<group>"; };
		B4CEA3C21A31520100569F5C /* DataEngine.h */ = {isa = PBXFileReference; fileEncoding = 4; lastKnownFileType = sourcecode.c.h; path = DataEngine.h; sourceTree = "<group>"; };
		B4CEA3C31A31520100569F5C /* DataEngine.m */ = {isa = PBXFileReference; fileEncoding = 4; lastKnownFileType = sourcecode.c.objc; path = DataEngine.m; sourceTree = "<group>"; };
		B4CEA3F11A3213BA00569F5C /* AbqData.json */ = {isa = PBXFileReference; fileEncoding = 4; lastKnownFileType = text.json; path = AbqData.json; sourceTree = "<group>"; };
/* End PBXFileReference section */

/* Begin PBXFrameworksBuildPhase section */
		B4CEA3921A31510800569F5C /* Frameworks */ = {
			isa = PBXFrameworksBuildPhase;
			buildActionMask = 2147483647;
			files = (
				2DC3CEDE1A8333B200A900A4 /* CoreLocation.framework in Frameworks */,
				2DC3CEDC1A8333A900A900A4 /* libz.dylib in Frameworks */,
			);
			runOnlyForDeploymentPostprocessing = 0;
		};
		B4CEA3AE1A31510800569F5C /* Frameworks */ = {
			isa = PBXFrameworksBuildPhase;
			buildActionMask = 2147483647;
			files = (
			);
			runOnlyForDeploymentPostprocessing = 0;
		};
/* End PBXFrameworksBuildPhase section */

/* Begin PBXGroup section */
		2DC3CEDF1A8333D000A900A4 /* TouchXML */ = {
			isa = PBXGroup;
			children = (
				2DE8059B1A8338A100555DAD /* Creation */,
				2DE805A01A8338A100555DAD /* CXMLDocument_CreationExtensions.h */,
				2DE805A11A8338A100555DAD /* CXMLDocument_CreationExtensions.m */,
				2DE805A21A8338A100555DAD /* CXMLNode_CreationExtensions.h */,
				2DE805A31A8338A100555DAD /* CXMLNode_CreationExtensions.m */,
				2DE805A41A8338A100555DAD /* CXHTMLDocument.h */,
				2DE805A51A8338A100555DAD /* CXHTMLDocument.m */,
				2DE805A61A8338A100555DAD /* CXMLDocument_PrivateExtensions.h */,
				2DE805A71A8338A100555DAD /* CXMLDocument_PrivateExtensions.m */,
				2DE805A81A8338A100555DAD /* CXMLDocument.h */,
				2DE805A91A8338A100555DAD /* CXMLDocument.m */,
				2DE805AA1A8338A100555DAD /* CXMLElement_CreationExtensions.h */,
				2DE805AB1A8338A100555DAD /* CXMLElement_CreationExtensions.m */,
				2DE805AC1A8338A100555DAD /* CXMLElement_ElementTreeExtensions.h */,
				2DE805AD1A8338A100555DAD /* CXMLElement_ElementTreeExtensions.m */,
				2DE805AE1A8338A100555DAD /* CXMLElement.h */,
				2DE805AF1A8338A100555DAD /* CXMLElement.m */,
				2DE805B01A8338A100555DAD /* CXMLNamespaceNode.h */,
				2DE805B11A8338A100555DAD /* CXMLNamespaceNode.m */,
				2DE805B21A8338A100555DAD /* CXMLNode_PrivateExtensions.h */,
				2DE805B31A8338A100555DAD /* CXMLNode_PrivateExtensions.m */,
				2DE805B41A8338A100555DAD /* CXMLNode_XPathExtensions.h */,
				2DE805B51A8338A100555DAD /* CXMLNode_XPathExtensions.m */,
				2DE805B61A8338A100555DAD /* CXMLNode.h */,
				2DE805B71A8338A100555DAD /* CXMLNode.m */,
				2DE805B81A8338A100555DAD /* Tidy */,
				2DE805BB1A8338A100555DAD /* TouchXML.h */,
			);
			name = TouchXML;
			sourceTree = "<group>";
		};
		2DE8059B1A8338A100555DAD /* Creation */ = {
			isa = PBXGroup;
			children = (
				2DE8059C1A8338A100555DAD /* CXMLDocument_CreationExtensions.h */,
				2DE8059D1A8338A100555DAD /* CXMLDocument_CreationExtensions.m */,
				2DE8059E1A8338A100555DAD /* CXMLNode_CreationExtensions.h */,
				2DE8059F1A8338A100555DAD /* CXMLNode_CreationExtensions.m */,
			);
			path = Creation;
			sourceTree = "<group>";
		};
		2DE805B81A8338A100555DAD /* Tidy */ = {
			isa = PBXGroup;
			children = (
				2DE805B91A8338A100555DAD /* CTidy.h */,
				2DE805BA1A8338A100555DAD /* CTidy.m */,
			);
			path = Tidy;
			sourceTree = "<group>";
		};
		B42125EB1A5DCC8D0041ED7B /* ObjZip */ = {
			isa = PBXGroup;
			children = (
				B42125EC1A5DCD430041ED7B /* ARCHelper */,
				B42125EE1A5DCD430041ED7B /* MiniZip */,
				B42125F61A5DCD430041ED7B /* Objective-Zip */,
				B42126011A5DCD430041ED7B /* ZLib */,
			);
			name = ObjZip;
			sourceTree = "<group>";
		};
		B42125EC1A5DCD430041ED7B /* ARCHelper */ = {
			isa = PBXGroup;
			children = (
				B42125ED1A5DCD430041ED7B /* ARCHelper.h */,
			);
			name = ARCHelper;
			path = ObjectiveZip/ARCHelper;
			sourceTree = "<group>";
		};
		B42125EE1A5DCD430041ED7B /* MiniZip */ = {
			isa = PBXGroup;
			children = (
				B42125EF1A5DCD430041ED7B /* crypt.h */,
				B42125F01A5DCD430041ED7B /* ioapi.c */,
				B42125F11A5DCD430041ED7B /* ioapi.h */,
				B42125F21A5DCD430041ED7B /* unzip.c */,
				B42125F31A5DCD430041ED7B /* unzip.h */,
				B42125F41A5DCD430041ED7B /* zip.c */,
				B42125F51A5DCD430041ED7B /* zip.h */,
			);
			name = MiniZip;
			path = ObjectiveZip/MiniZip;
			sourceTree = "<group>";
		};
		B42125F61A5DCD430041ED7B /* Objective-Zip */ = {
			isa = PBXGroup;
			children = (
				B42125F71A5DCD430041ED7B /* FileInZipInfo.h */,
				B42125F81A5DCD430041ED7B /* FileInZipInfo.m */,
				B42125F91A5DCD430041ED7B /* ZipException.h */,
				B42125FA1A5DCD430041ED7B /* ZipException.m */,
				B42125FB1A5DCD430041ED7B /* ZipFile.h */,
				B42125FC1A5DCD430041ED7B /* ZipFile.m */,
				B42125FD1A5DCD430041ED7B /* ZipReadStream.h */,
				B42125FE1A5DCD430041ED7B /* ZipReadStream.m */,
				B42125FF1A5DCD430041ED7B /* ZipWriteStream.h */,
				B42126001A5DCD430041ED7B /* ZipWriteStream.m */,
			);
			name = "Objective-Zip";
			path = "ObjectiveZip/Objective-Zip";
			sourceTree = "<group>";
		};
		B42126011A5DCD430041ED7B /* ZLib */ = {
			isa = PBXGroup;
			children = (
				B42126021A5DCD430041ED7B /* adler32.c */,
				B42126031A5DCD430041ED7B /* compress.c */,
				B42126041A5DCD430041ED7B /* crc32.c */,
				B42126051A5DCD430041ED7B /* crc32.h */,
				B42126061A5DCD430041ED7B /* deflate.c */,
				B42126071A5DCD430041ED7B /* deflate.h */,
				B42126081A5DCD430041ED7B /* gzclose.c */,
				B42126091A5DCD430041ED7B /* gzguts.h */,
				B421260A1A5DCD430041ED7B /* gzlib.c */,
				B421260B1A5DCD430041ED7B /* gzread.c */,
				B421260C1A5DCD430041ED7B /* gzwrite.c */,
				B421260D1A5DCD430041ED7B /* infback.c */,
				B421260E1A5DCD430041ED7B /* inffast.c */,
				B421260F1A5DCD430041ED7B /* inffast.h */,
				B42126101A5DCD430041ED7B /* inffixed.h */,
				B42126111A5DCD430041ED7B /* inflate.c */,
				B42126121A5DCD430041ED7B /* inflate.h */,
				B42126131A5DCD430041ED7B /* inftrees.c */,
				B42126141A5DCD430041ED7B /* inftrees.h */,
				B42126151A5DCD430041ED7B /* trees.c */,
				B42126161A5DCD430041ED7B /* trees.h */,
				B42126171A5DCD430041ED7B /* uncompr.c */,
				B42126181A5DCD430041ED7B /* zconf.h */,
				B42126191A5DCD430041ED7B /* zlib.h */,
				B421261A1A5DCD430041ED7B /* zutil.c */,
				B421261B1A5DCD430041ED7B /* zutil.h */,
			);
			name = ZLib;
			path = ObjectiveZip/ZLib;
			sourceTree = "<group>";
		};
		B452FD531A52FCB60033CCB1 /* UI */ = {
			isa = PBXGroup;
			children = (
				B4CEA3A51A31510800569F5C /* Main.storyboard */,
				B408660F1A3FA08E0093CC61 /* WebViewController.xib */,
				B40866141A3FA4230093CC61 /* MapViewController.xib */,
				B42125E91A5DAD760041ED7B /* KMLViewerViewController.xib */,
				B4CEA3AA1A31510800569F5C /* LaunchScreen.xib */,
				B45EF8A91A32403C003A3739 /* TemplateIcon2x.png */,
				B4081D021A325782001D8793 /* RemoteImageTableViewCell.h */,
				B4081D031A325782001D8793 /* RemoteImageTableViewCell.m */,
			);
			name = UI;
			sourceTree = "<group>";
		};
		B452FD541A52FCEB0033CCB1 /* Maps */ = {
			isa = PBXGroup;
			children = (
				2DC3CEDF1A8333D000A900A4 /* TouchXML */,
				B42125EB1A5DCC8D0041ED7B /* ObjZip */,
				B40866121A3FA4230093CC61 /* MapViewController.h */,
				B40866131A3FA4230093CC61 /* MapViewController.m */,
				B452FD551A52FD160033CCB1 /* KMLParser.h */,
				B452FD561A52FD160033CCB1 /* KMLParser.m */,
				B452FD571A52FD160033CCB1 /* KMLViewerViewController.h */,
				B452FD581A52FD160033CCB1 /* KMLViewerViewController.m */,
			);
			name = Maps;
			sourceTree = "<group>";
		};
		B452FD5B1A52FD620033CCB1 /* Controllers */ = {
			isa = PBXGroup;
			children = (
				B4CEA39F1A31510800569F5C /* MasterViewController.h */,
				B4CEA3A01A31510800569F5C /* MasterViewController.m */,
				B4CEA3A21A31510800569F5C /* DetailViewController.h */,
				B4CEA3A31A31510800569F5C /* DetailViewController.m */,
				B408660D1A3FA08E0093CC61 /* WebViewController.h */,
				B408660E1A3FA08E0093CC61 /* WebViewController.m */,
				B49BBFF31A32B2FA000CA48C /* ArtCardViewController.h */,
				B49BBFF41A32B2FA000CA48C /* ArtCardViewController.m */,
			);
			name = Controllers;
			sourceTree = "<group>";
		};
		B452FD5C1A52FDB40033CCB1 /* Engine */ = {
			isa = PBXGroup;
			children = (
				B4CEA3C21A31520100569F5C /* DataEngine.h */,
				B4CEA3C31A31520100569F5C /* DataEngine.m */,
				B4CEA39C1A31510800569F5C /* AppDelegate.h */,
				B4CEA39D1A31510800569F5C /* AppDelegate.m */,
				B454717D1A33D0AB008F2B17 /* XMLDictionary.h */,
				B454717E1A33D0AB008F2B17 /* XMLDictionary.m */,
			);
			name = Engine;
			sourceTree = "<group>";
		};
		B49BBFF01A329BC8000CA48C /* Images */ = {
			isa = PBXGroup;
			children = (
				B4CEA3A81A31510800569F5C /* Images.xcassets */,
				B49BBFF11A329BD4000CA48C /* notLoadedArt.png */,
			);
			name = Images;
			sourceTree = "<group>";
		};
		B4CEA38C1A31510800569F5C = {
			isa = PBXGroup;
			children = (
				2DC3CEDD1A8333B200A900A4 /* CoreLocation.framework */,
				2DC3CEDB1A8333A900A900A4 /* libz.dylib */,
				B49BBFF61A32CFD0000CA48C /* README.md */,
				B4CEA3971A31510800569F5C /* Abq Data */,
				B4CEA3B41A31510800569F5C /* Abq DataTests */,
				B4CEA3961A31510800569F5C /* Products */,
			);
			sourceTree = "<group>";
		};
		B4CEA3961A31510800569F5C /* Products */ = {
			isa = PBXGroup;
			children = (
				B4CEA3951A31510800569F5C /* Abq Data.app */,
				B4CEA3B11A31510800569F5C /* Abq DataTests.xctest */,
			);
			name = Products;
			sourceTree = "<group>";
		};
		B4CEA3971A31510800569F5C /* Abq Data */ = {
			isa = PBXGroup;
			children = (
				B4CEA3F11A3213BA00569F5C /* AbqData.json */,
				B489328D1A64D54000E7ECC8 /* BusRoutes.json */,
				B452FD5C1A52FDB40033CCB1 /* Engine */,
				B452FD531A52FCB60033CCB1 /* UI */,
				B452FD5B1A52FD620033CCB1 /* Controllers */,
				B452FD541A52FCEB0033CCB1 /* Maps */,
				B49BBFF01A329BC8000CA48C /* Images */,
				B4CEA3981A31510800569F5C /* Supporting Files */,
			);
			path = "Abq Data";
			sourceTree = "<group>";
		};
		B4CEA3981A31510800569F5C /* Supporting Files */ = {
			isa = PBXGroup;
			children = (
				B45EF8A81A32403C003A3739 /* .gitignore */,
				B4CEA3991A31510800569F5C /* Info.plist */,
				B4CEA39A1A31510800569F5C /* main.m */,
			);
			name = "Supporting Files";
			sourceTree = "<group>";
		};
		B4CEA3B41A31510800569F5C /* Abq DataTests */ = {
			isa = PBXGroup;
			children = (
				B4CEA3B71A31510800569F5C /* Abq_DataTests.m */,
				B4CEA3B51A31510800569F5C /* Supporting Files */,
			);
			path = "Abq DataTests";
			sourceTree = "<group>";
		};
		B4CEA3B51A31510800569F5C /* Supporting Files */ = {
			isa = PBXGroup;
			children = (
				B4CEA3B61A31510800569F5C /* Info.plist */,
			);
			name = "Supporting Files";
			sourceTree = "<group>";
		};
/* End PBXGroup section */

/* Begin PBXNativeTarget section */
		B4CEA3941A31510800569F5C /* Abq Data */ = {
			isa = PBXNativeTarget;
			buildConfigurationList = B4CEA3BB1A31510800569F5C /* Build configuration list for PBXNativeTarget "Abq Data" */;
			buildPhases = (
				B4CEA3911A31510800569F5C /* Sources */,
				B4CEA3921A31510800569F5C /* Frameworks */,
				B4CEA3931A31510800569F5C /* Resources */,
			);
			buildRules = (
			);
			dependencies = (
			);
			name = "Abq Data";
			productName = "Abq Data";
			productReference = B4CEA3951A31510800569F5C /* Abq Data.app */;
			productType = "com.apple.product-type.application";
		};
		B4CEA3B01A31510800569F5C /* Abq DataTests */ = {
			isa = PBXNativeTarget;
			buildConfigurationList = B4CEA3BE1A31510800569F5C /* Build configuration list for PBXNativeTarget "Abq DataTests" */;
			buildPhases = (
				B4CEA3AD1A31510800569F5C /* Sources */,
				B4CEA3AE1A31510800569F5C /* Frameworks */,
				B4CEA3AF1A31510800569F5C /* Resources */,
			);
			buildRules = (
			);
			dependencies = (
				B4CEA3B31A31510800569F5C /* PBXTargetDependency */,
			);
			name = "Abq DataTests";
			productName = "Abq DataTests";
			productReference = B4CEA3B11A31510800569F5C /* Abq DataTests.xctest */;
			productType = "com.apple.product-type.bundle.unit-test";
		};
/* End PBXNativeTarget section */

/* Begin PBXProject section */
		B4CEA38D1A31510800569F5C /* Project object */ = {
			isa = PBXProject;
			attributes = {
				LastUpgradeCheck = 0600;
				ORGANIZATIONNAME = Stone;
				TargetAttributes = {
					B4CEA3941A31510800569F5C = {
						CreatedOnToolsVersion = 6.0.1;
					};
					B4CEA3B01A31510800569F5C = {
						CreatedOnToolsVersion = 6.0.1;
						TestTargetID = B4CEA3941A31510800569F5C;
					};
				};
			};
			buildConfigurationList = B4CEA3901A31510800569F5C /* Build configuration list for PBXProject "Abq Data" */;
			compatibilityVersion = "Xcode 3.2";
			developmentRegion = English;
			hasScannedForEncodings = 0;
			knownRegions = (
				en,
				Base,
			);
			mainGroup = B4CEA38C1A31510800569F5C;
			productRefGroup = B4CEA3961A31510800569F5C /* Products */;
			projectDirPath = "";
			projectRoot = "";
			targets = (
				B4CEA3941A31510800569F5C /* Abq Data */,
				B4CEA3B01A31510800569F5C /* Abq DataTests */,
			);
		};
/* End PBXProject section */

/* Begin PBXResourcesBuildPhase section */
		B4CEA3931A31510800569F5C /* Resources */ = {
			isa = PBXResourcesBuildPhase;
			buildActionMask = 2147483647;
			files = (
				B49BBFF21A329BD4000CA48C /* notLoadedArt.png in Resources */,
				B42125EA1A5DAD760041ED7B /* KMLViewerViewController.xib in Resources */,
				B45EF8AA1A32403C003A3739 /* .gitignore in Resources */,
				B4CEA3A71A31510800569F5C /* Main.storyboard in Resources */,
				B40866111A3FA08E0093CC61 /* WebViewController.xib in Resources */,
				B40866161A3FA4230093CC61 /* MapViewController.xib in Resources */,
				B45EF8AB1A32403C003A3739 /* TemplateIcon2x.png in Resources */,
				B4CEA3AC1A31510800569F5C /* LaunchScreen.xib in Resources */,
				B489328E1A64D54000E7ECC8 /* BusRoutes.json in Resources */,
				B4CEA3F21A3213BA00569F5C /* AbqData.json in Resources */,
				B4CEA3A91A31510800569F5C /* Images.xcassets in Resources */,
			);
			runOnlyForDeploymentPostprocessing = 0;
		};
		B4CEA3AF1A31510800569F5C /* Resources */ = {
			isa = PBXResourcesBuildPhase;
			buildActionMask = 2147483647;
			files = (
			);
			runOnlyForDeploymentPostprocessing = 0;
		};
/* End PBXResourcesBuildPhase section */

/* Begin PBXSourcesBuildPhase section */
		B4CEA3911A31510800569F5C /* Sources */ = {
			isa = PBXSourcesBuildPhase;
			buildActionMask = 2147483647;
			files = (
				B42126301A5DCD430041ED7B /* trees.c in Sources */,
				2DE805BC1A8338A100555DAD /* CXMLDocument_CreationExtensions.m in Sources */,
				B421261F1A5DCD430041ED7B /* FileInZipInfo.m in Sources */,
				B42126231A5DCD430041ED7B /* ZipWriteStream.m in Sources */,
				B421262B1A5DCD430041ED7B /* gzwrite.c in Sources */,
				2DE805BF1A8338A100555DAD /* CXMLNode_CreationExtensions.m in Sources */,
				2DE805C91A8338A100555DAD /* CXMLNode.m in Sources */,
				B4CEA39E1A31510800569F5C /* AppDelegate.m in Sources */,
				B421261C1A5DCD430041ED7B /* ioapi.c in Sources */,
				B421262D1A5DCD430041ED7B /* inffast.c in Sources */,
				2DE805C61A8338A100555DAD /* CXMLNamespaceNode.m in Sources */,
				B4081D041A325782001D8793 /* RemoteImageTableViewCell.m in Sources */,
				2DE805C71A8338A100555DAD /* CXMLNode_PrivateExtensions.m in Sources */,
				B42126201A5DCD430041ED7B /* ZipException.m in Sources */,
				B42126321A5DCD430041ED7B /* zutil.c in Sources */,
				B42126211A5DCD430041ED7B /* ZipFile.m in Sources */,
				2DE805C41A8338A100555DAD /* CXMLElement_ElementTreeExtensions.m in Sources */,
				B42126311A5DCD430041ED7B /* uncompr.c in Sources */,
				2DE805BD1A8338A100555DAD /* CXMLNode_CreationExtensions.m in Sources */,
				B42126271A5DCD430041ED7B /* deflate.c in Sources */,
				B42126291A5DCD430041ED7B /* gzlib.c in Sources */,
				B421262E1A5DCD430041ED7B /* inflate.c in Sources */,
				2DE805C11A8338A100555DAD /* CXMLDocument_PrivateExtensions.m in Sources */,
				2DE805BE1A8338A100555DAD /* CXMLDocument_CreationExtensions.m in Sources */,
				2DE805C51A8338A100555DAD /* CXMLElement.m in Sources */,
				2DE805C21A8338A100555DAD /* CXMLDocument.m in Sources */,
				B421261E1A5DCD430041ED7B /* zip.c in Sources */,
				B4CEA3C41A31520100569F5C /* DataEngine.m in Sources */,
				B421262A1A5DCD430041ED7B /* gzread.c in Sources */,
				2DE805C31A8338A100555DAD /* CXMLElement_CreationExtensions.m in Sources */,
				B4CEA3A11A31510800569F5C /* MasterViewController.m in Sources */,
				B40866101A3FA08E0093CC61 /* WebViewController.m in Sources */,
				B42126241A5DCD430041ED7B /* adler32.c in Sources */,
				B42126281A5DCD430041ED7B /* gzclose.c in Sources */,
				2DE805C01A8338A100555DAD /* CXHTMLDocument.m in Sources */,
				B4CEA39B1A31510800569F5C /* main.m in Sources */,
				2DE805C81A8338A100555DAD /* CXMLNode_XPathExtensions.m in Sources */,
				B4CEA3A41A31510800569F5C /* DetailViewController.m in Sources */,
				B421261D1A5DCD430041ED7B /* unzip.c in Sources */,
				2DE805CA1A8338A100555DAD /* CTidy.m in Sources */,
				B42126251A5DCD430041ED7B /* compress.c in Sources */,
				B421262C1A5DCD430041ED7B /* infback.c in Sources */,
				B452FD591A52FD160033CCB1 /* KMLParser.m in Sources */,
				B42126261A5DCD430041ED7B /* crc32.c in Sources */,
				B40866151A3FA4230093CC61 /* MapViewController.m in Sources */,
				B421262F1A5DCD430041ED7B /* inftrees.c in Sources */,
				B452FD5A1A52FD160033CCB1 /* KMLViewerViewController.m in Sources */,
				B42126221A5DCD430041ED7B /* ZipReadStream.m in Sources */,
				B49BBFF51A32B2FA000CA48C /* ArtCardViewController.m in Sources */,
				B454717F1A33D0AB008F2B17 /* XMLDictionary.m in Sources */,
			);
			runOnlyForDeploymentPostprocessing = 0;
		};
		B4CEA3AD1A31510800569F5C /* Sources */ = {
			isa = PBXSourcesBuildPhase;
			buildActionMask = 2147483647;
			files = (
				B4CEA3B81A31510800569F5C /* Abq_DataTests.m in Sources */,
			);
			runOnlyForDeploymentPostprocessing = 0;
		};
/* End PBXSourcesBuildPhase section */

/* Begin PBXTargetDependency section */
		B4CEA3B31A31510800569F5C /* PBXTargetDependency */ = {
			isa = PBXTargetDependency;
			target = B4CEA3941A31510800569F5C /* Abq Data */;
			targetProxy = B4CEA3B21A31510800569F5C /* PBXContainerItemProxy */;
		};
/* End PBXTargetDependency section */

/* Begin PBXVariantGroup section */
		B4CEA3A51A31510800569F5C /* Main.storyboard */ = {
			isa = PBXVariantGroup;
			children = (
				B4CEA3A61A31510800569F5C /* Base */,
			);
			name = Main.storyboard;
			sourceTree = "<group>";
		};
		B4CEA3AA1A31510800569F5C /* LaunchScreen.xib */ = {
			isa = PBXVariantGroup;
			children = (
				B4CEA3AB1A31510800569F5C /* Base */,
			);
			name = LaunchScreen.xib;
			sourceTree = "<group>";
		};
/* End PBXVariantGroup section */

/* Begin XCBuildConfiguration section */
		B4CEA3B91A31510800569F5C /* Debug */ = {
			isa = XCBuildConfiguration;
			buildSettings = {
				ALWAYS_SEARCH_USER_PATHS = NO;
				CLANG_CXX_LANGUAGE_STANDARD = "gnu++0x";
				CLANG_CXX_LIBRARY = "libc++";
				CLANG_ENABLE_MODULES = YES;
				CLANG_ENABLE_OBJC_ARC = YES;
				CLANG_WARN_BOOL_CONVERSION = YES;
				CLANG_WARN_CONSTANT_CONVERSION = YES;
				CLANG_WARN_DIRECT_OBJC_ISA_USAGE = YES_ERROR;
				CLANG_WARN_EMPTY_BODY = YES;
				CLANG_WARN_ENUM_CONVERSION = YES;
				CLANG_WARN_INT_CONVERSION = YES;
				CLANG_WARN_OBJC_ROOT_CLASS = YES_ERROR;
				CLANG_WARN_UNREACHABLE_CODE = YES;
				CLANG_WARN__DUPLICATE_METHOD_MATCH = YES;
				"CODE_SIGN_IDENTITY[sdk=iphoneos*]" = "iPhone Developer";
				COPY_PHASE_STRIP = NO;
				ENABLE_STRICT_OBJC_MSGSEND = YES;
				GCC_C_LANGUAGE_STANDARD = gnu99;
				GCC_DYNAMIC_NO_PIC = NO;
				GCC_OPTIMIZATION_LEVEL = 0;
				GCC_PREPROCESSOR_DEFINITIONS = (
					"DEBUG=1",
					"$(inherited)",
				);
				GCC_SYMBOLS_PRIVATE_EXTERN = NO;
				GCC_WARN_64_TO_32_BIT_CONVERSION = YES;
				GCC_WARN_ABOUT_RETURN_TYPE = YES_ERROR;
				GCC_WARN_UNDECLARED_SELECTOR = YES;
				GCC_WARN_UNINITIALIZED_AUTOS = YES_AGGRESSIVE;
				GCC_WARN_UNUSED_FUNCTION = YES;
				GCC_WARN_UNUSED_VARIABLE = YES;
				IPHONEOS_DEPLOYMENT_TARGET = 8.0;
				MTL_ENABLE_DEBUG_INFO = YES;
				ONLY_ACTIVE_ARCH = YES;
				SDKROOT = iphoneos;
				TARGETED_DEVICE_FAMILY = "1,2";
			};
			name = Debug;
		};
		B4CEA3BA1A31510800569F5C /* Release */ = {
			isa = XCBuildConfiguration;
			buildSettings = {
				ALWAYS_SEARCH_USER_PATHS = NO;
				CLANG_CXX_LANGUAGE_STANDARD = "gnu++0x";
				CLANG_CXX_LIBRARY = "libc++";
				CLANG_ENABLE_MODULES = YES;
				CLANG_ENABLE_OBJC_ARC = YES;
				CLANG_WARN_BOOL_CONVERSION = YES;
				CLANG_WARN_CONSTANT_CONVERSION = YES;
				CLANG_WARN_DIRECT_OBJC_ISA_USAGE = YES_ERROR;
				CLANG_WARN_EMPTY_BODY = YES;
				CLANG_WARN_ENUM_CONVERSION = YES;
				CLANG_WARN_INT_CONVERSION = YES;
				CLANG_WARN_OBJC_ROOT_CLASS = YES_ERROR;
				CLANG_WARN_UNREACHABLE_CODE = YES;
				CLANG_WARN__DUPLICATE_METHOD_MATCH = YES;
				"CODE_SIGN_IDENTITY[sdk=iphoneos*]" = "iPhone Developer";
				COPY_PHASE_STRIP = YES;
				ENABLE_NS_ASSERTIONS = NO;
				ENABLE_STRICT_OBJC_MSGSEND = YES;
				GCC_C_LANGUAGE_STANDARD = gnu99;
				GCC_WARN_64_TO_32_BIT_CONVERSION = YES;
				GCC_WARN_ABOUT_RETURN_TYPE = YES_ERROR;
				GCC_WARN_UNDECLARED_SELECTOR = YES;
				GCC_WARN_UNINITIALIZED_AUTOS = YES_AGGRESSIVE;
				GCC_WARN_UNUSED_FUNCTION = YES;
				GCC_WARN_UNUSED_VARIABLE = YES;
				IPHONEOS_DEPLOYMENT_TARGET = 8.0;
				MTL_ENABLE_DEBUG_INFO = NO;
				SDKROOT = iphoneos;
				TARGETED_DEVICE_FAMILY = "1,2";
				VALIDATE_PRODUCT = YES;
			};
			name = Release;
		};
		B4CEA3BC1A31510800569F5C /* Debug */ = {
			isa = XCBuildConfiguration;
			buildSettings = {
				ASSETCATALOG_COMPILER_APPICON_NAME = AppIcon;
				HEADER_SEARCH_PATHS = (
					"$(inherited)",
					/Applications/Xcode.app/Contents/Developer/Toolchains/XcodeDefault.xctoolchain/usr/include,
					"$(SDKROOT)/usr/include/libxml2",
				);
				"HEADER_SEARCH_PATHS[arch=*]" = (
					"$(inherited)",
					/Applications/Xcode.app/Contents/Developer/Toolchains/XcodeDefault.xctoolchain/usr/include,
					"$(SDKROOT)/usr/include/libxml2",
				);
				INFOPLIST_FILE = "Abq Data/Info.plist";
				IPHONEOS_DEPLOYMENT_TARGET = 8.0;
				LD_RUNPATH_SEARCH_PATHS = "$(inherited) @executable_path/Frameworks";
				OTHER_LDFLAGS = "-lxml2";
				PRODUCT_NAME = "$(TARGET_NAME)";
			};
			name = Debug;
		};
		B4CEA3BD1A31510800569F5C /* Release */ = {
			isa = XCBuildConfiguration;
			buildSettings = {
				ASSETCATALOG_COMPILER_APPICON_NAME = AppIcon;
				HEADER_SEARCH_PATHS = (
					"$(inherited)",
					/Applications/Xcode.app/Contents/Developer/Toolchains/XcodeDefault.xctoolchain/usr/include,
					"$(SDKROOT)/usr/include/libxml2",
				);
				"HEADER_SEARCH_PATHS[arch=*]" = (
					"$(inherited)",
					/Applications/Xcode.app/Contents/Developer/Toolchains/XcodeDefault.xctoolchain/usr/include,
					"$(SDKROOT)/usr/include/libxml2",
				);
				INFOPLIST_FILE = "Abq Data/Info.plist";
				IPHONEOS_DEPLOYMENT_TARGET = 8.0;
				LD_RUNPATH_SEARCH_PATHS = "$(inherited) @executable_path/Frameworks";
				OTHER_LDFLAGS = "-lxml2";
				PRODUCT_NAME = "$(TARGET_NAME)";
			};
			name = Release;
		};
		B4CEA3BF1A31510800569F5C /* Debug */ = {
			isa = XCBuildConfiguration;
			buildSettings = {
				BUNDLE_LOADER = "$(TEST_HOST)";
				FRAMEWORK_SEARCH_PATHS = (
					"$(SDKROOT)/Developer/Library/Frameworks",
					"$(inherited)",
				);
				GCC_PREPROCESSOR_DEFINITIONS = (
					"DEBUG=1",
					"$(inherited)",
				);
				INFOPLIST_FILE = "Abq DataTests/Info.plist";
				LD_RUNPATH_SEARCH_PATHS = "$(inherited) @executable_path/Frameworks @loader_path/Frameworks";
				PRODUCT_NAME = "$(TARGET_NAME)";
				TEST_HOST = "$(BUILT_PRODUCTS_DIR)/Abq Data.app/Abq Data";
			};
			name = Debug;
		};
		B4CEA3C01A31510800569F5C /* Release */ = {
			isa = XCBuildConfiguration;
			buildSettings = {
				BUNDLE_LOADER = "$(TEST_HOST)";
				FRAMEWORK_SEARCH_PATHS = (
					"$(SDKROOT)/Developer/Library/Frameworks",
					"$(inherited)",
				);
				INFOPLIST_FILE = "Abq DataTests/Info.plist";
				LD_RUNPATH_SEARCH_PATHS = "$(inherited) @executable_path/Frameworks @loader_path/Frameworks";
				PRODUCT_NAME = "$(TARGET_NAME)";
				TEST_HOST = "$(BUILT_PRODUCTS_DIR)/Abq Data.app/Abq Data";
			};
			name = Release;
		};
/* End XCBuildConfiguration section */

/* Begin XCConfigurationList section */
		B4CEA3901A31510800569F5C /* Build configuration list for PBXProject "Abq Data" */ = {
			isa = XCConfigurationList;
			buildConfigurations = (
				B4CEA3B91A31510800569F5C /* Debug */,
				B4CEA3BA1A31510800569F5C /* Release */,
			);
			defaultConfigurationIsVisible = 0;
			defaultConfigurationName = Release;
		};
		B4CEA3BB1A31510800569F5C /* Build configuration list for PBXNativeTarget "Abq Data" */ = {
			isa = XCConfigurationList;
			buildConfigurations = (
				B4CEA3BC1A31510800569F5C /* Debug */,
				B4CEA3BD1A31510800569F5C /* Release */,
			);
			defaultConfigurationIsVisible = 0;
			defaultConfigurationName = Release;
		};
		B4CEA3BE1A31510800569F5C /* Build configuration list for PBXNativeTarget "Abq DataTests" */ = {
			isa = XCConfigurationList;
			buildConfigurations = (
				B4CEA3BF1A31510800569F5C /* Debug */,
				B4CEA3C01A31510800569F5C /* Release */,
			);
			defaultConfigurationIsVisible = 0;
			defaultConfigurationName = Release;
		};
/* End XCConfigurationList section */
	};
	rootObject = B4CEA38D1A31510800569F5C /* Project object */;
}
