// !$*UTF8*$!
{
	archiveVersion = 1;
	classes = {
	};
	objectVersion = 46;
	objects = {

/* Begin PBXBuildFile section */
		704164821A32236B0080274E /* AppDelegate.swift in Sources */ = {isa = PBXBuildFile; fileRef = 704164811A32236B0080274E /* AppDelegate.swift */; };
		704164841A32236B0080274E /* ViewController.swift in Sources */ = {isa = PBXBuildFile; fileRef = 704164831A32236B0080274E /* ViewController.swift */; };
		704164871A32236B0080274E /* Main.storyboard in Resources */ = {isa = PBXBuildFile; fileRef = 704164851A32236B0080274E /* Main.storyboard */; };
		704164891A32236C0080274E /* Images.xcassets in Resources */ = {isa = PBXBuildFile; fileRef = 704164881A32236C0080274E /* Images.xcassets */; };
		7041648C1A32236C0080274E /* LaunchScreen.xib in Resources */ = {isa = PBXBuildFile; fileRef = 7041648A1A32236C0080274E /* LaunchScreen.xib */; };
		704164981A32236C0080274E /* opendataTests.swift in Sources */ = {isa = PBXBuildFile; fileRef = 704164971A32236C0080274E /* opendataTests.swift */; };
		704164A21A3227510080274E /* Publicart.swift in Sources */ = {isa = PBXBuildFile; fileRef = 704164A11A3227510080274E /* Publicart.swift */; };
		704164A41A322D430080274E /* Publicart.json in Resources */ = {isa = PBXBuildFile; fileRef = 704164A31A322D430080274E /* Publicart.json */; };
		704164A61A3233950080274E /* Extensions.swift in Sources */ = {isa = PBXBuildFile; fileRef = 704164A51A3233950080274E /* Extensions.swift */; };
/* End PBXBuildFile section */

/* Begin PBXContainerItemProxy section */
		704164921A32236C0080274E /* PBXContainerItemProxy */ = {
			isa = PBXContainerItemProxy;
			containerPortal = 704164741A32236B0080274E /* Project object */;
			proxyType = 1;
			remoteGlobalIDString = 7041647B1A32236B0080274E;
			remoteInfo = opendata;
		};
/* End PBXContainerItemProxy section */

/* Begin PBXFileReference section */
		7041647C1A32236B0080274E /* opendata.app */ = {isa = PBXFileReference; explicitFileType = wrapper.application; includeInIndex = 0; path = opendata.app; sourceTree = BUILT_PRODUCTS_DIR; };
		704164801A32236B0080274E /* Info.plist */ = {isa = PBXFileReference; lastKnownFileType = text.plist.xml; path = Info.plist; sourceTree = "<group>"; };
		704164811A32236B0080274E /* AppDelegate.swift */ = {isa = PBXFileReference; lastKnownFileType = sourcecode.swift; path = AppDelegate.swift; sourceTree = "<group>"; };
		704164831A32236B0080274E /* ViewController.swift */ = {isa = PBXFileReference; lastKnownFileType = sourcecode.swift; path = ViewController.swift; sourceTree = "<group>"; };
		704164861A32236B0080274E /* Base */ = {isa = PBXFileReference; lastKnownFileType = file.storyboard; name = Base; path = Base.lproj/Main.storyboard; sourceTree = "<group>"; };
		704164881A32236C0080274E /* Images.xcassets */ = {isa = PBXFileReference; lastKnownFileType = folder.assetcatalog; path = Images.xcassets; sourceTree = "<group>"; };
		7041648B1A32236C0080274E /* Base */ = {isa = PBXFileReference; lastKnownFileType = file.xib; name = Base; path = Base.lproj/LaunchScreen.xib; sourceTree = "<group>"; };
		704164911A32236C0080274E /* opendataTests.xctest */ = {isa = PBXFileReference; explicitFileType = wrapper.cfbundle; includeInIndex = 0; path = opendataTests.xctest; sourceTree = BUILT_PRODUCTS_DIR; };
		704164961A32236C0080274E /* Info.plist */ = {isa = PBXFileReference; lastKnownFileType = text.plist.xml; path = Info.plist; sourceTree = "<group>"; };
		704164971A32236C0080274E /* opendataTests.swift */ = {isa = PBXFileReference; lastKnownFileType = sourcecode.swift; path = opendataTests.swift; sourceTree = "<group>"; };
		704164A11A3227510080274E /* Publicart.swift */ = {isa = PBXFileReference; fileEncoding = 4; lastKnownFileType = sourcecode.swift; path = Publicart.swift; sourceTree = "<group>"; };
		704164A31A322D430080274E /* Publicart.json */ = {isa = PBXFileReference; fileEncoding = 4; lastKnownFileType = text.json; path = Publicart.json; sourceTree = "<group>"; };
		704164A51A3233950080274E /* Extensions.swift */ = {isa = PBXFileReference; fileEncoding = 4; lastKnownFileType = sourcecode.swift; path = Extensions.swift; sourceTree = "<group>"; };
/* End PBXFileReference section */

/* Begin PBXFrameworksBuildPhase section */
		704164791A32236B0080274E /* Frameworks */ = {
			isa = PBXFrameworksBuildPhase;
			buildActionMask = 2147483647;
			files = (
			);
			runOnlyForDeploymentPostprocessing = 0;
		};
		7041648E1A32236C0080274E /* Frameworks */ = {
			isa = PBXFrameworksBuildPhase;
			buildActionMask = 2147483647;
			files = (
			);
			runOnlyForDeploymentPostprocessing = 0;
		};
/* End PBXFrameworksBuildPhase section */

/* Begin PBXGroup section */
		704164731A32236B0080274E = {
			isa = PBXGroup;
			children = (
				7041647E1A32236B0080274E /* opendata */,
				704164941A32236C0080274E /* opendataTests */,
				7041647D1A32236B0080274E /* Products */,
			);
			sourceTree = "<group>";
		};
		7041647D1A32236B0080274E /* Products */ = {
			isa = PBXGroup;
			children = (
				7041647C1A32236B0080274E /* opendata.app */,
				704164911A32236C0080274E /* opendataTests.xctest */,
			);
			name = Products;
			sourceTree = "<group>";
		};
		7041647E1A32236B0080274E /* opendata */ = {
			isa = PBXGroup;
			children = (
				704164811A32236B0080274E /* AppDelegate.swift */,
				704164831A32236B0080274E /* ViewController.swift */,
				704164A11A3227510080274E /* Publicart.swift */,
				704164A51A3233950080274E /* Extensions.swift */,
				704164A31A322D430080274E /* Publicart.json */,
				704164851A32236B0080274E /* Main.storyboard */,
				704164881A32236C0080274E /* Images.xcassets */,
				7041648A1A32236C0080274E /* LaunchScreen.xib */,
				7041647F1A32236B0080274E /* Supporting Files */,
			);
			path = opendata;
			sourceTree = "<group>";
		};
		7041647F1A32236B0080274E /* Supporting Files */ = {
			isa = PBXGroup;
			children = (
				704164801A32236B0080274E /* Info.plist */,
			);
			name = "Supporting Files";
			sourceTree = "<group>";
		};
		704164941A32236C0080274E /* opendataTests */ = {
			isa = PBXGroup;
			children = (
				704164971A32236C0080274E /* opendataTests.swift */,
				704164951A32236C0080274E /* Supporting Files */,
			);
			path = opendataTests;
			sourceTree = "<group>";
		};
		704164951A32236C0080274E /* Supporting Files */ = {
			isa = PBXGroup;
			children = (
				704164961A32236C0080274E /* Info.plist */,
			);
			name = "Supporting Files";
			sourceTree = "<group>";
		};
/* End PBXGroup section */

/* Begin PBXNativeTarget section */
		7041647B1A32236B0080274E /* opendata */ = {
			isa = PBXNativeTarget;
			buildConfigurationList = 7041649B1A32236C0080274E /* Build configuration list for PBXNativeTarget "opendata" */;
			buildPhases = (
				704164781A32236B0080274E /* Sources */,
				704164791A32236B0080274E /* Frameworks */,
				7041647A1A32236B0080274E /* Resources */,
			);
			buildRules = (
			);
			dependencies = (
			);
			name = opendata;
			productName = opendata;
			productReference = 7041647C1A32236B0080274E /* opendata.app */;
			productType = "com.apple.product-type.application";
		};
		704164901A32236C0080274E /* opendataTests */ = {
			isa = PBXNativeTarget;
			buildConfigurationList = 7041649E1A32236C0080274E /* Build configuration list for PBXNativeTarget "opendataTests" */;
			buildPhases = (
				7041648D1A32236C0080274E /* Sources */,
				7041648E1A32236C0080274E /* Frameworks */,
				7041648F1A32236C0080274E /* Resources */,
			);
			buildRules = (
			);
			dependencies = (
				704164931A32236C0080274E /* PBXTargetDependency */,
			);
			name = opendataTests;
			productName = opendataTests;
			productReference = 704164911A32236C0080274E /* opendataTests.xctest */;
			productType = "com.apple.product-type.bundle.unit-test";
		};
/* End PBXNativeTarget section */

/* Begin PBXProject section */
		704164741A32236B0080274E /* Project object */ = {
			isa = PBXProject;
			attributes = {
				LastUpgradeCheck = 0610;
				ORGANIZATIONNAME = "design is casual";
				TargetAttributes = {
					7041647B1A32236B0080274E = {
						CreatedOnToolsVersion = 6.1.1;
					};
					704164901A32236C0080274E = {
						CreatedOnToolsVersion = 6.1.1;
						TestTargetID = 7041647B1A32236B0080274E;
					};
				};
			};
			buildConfigurationList = 704164771A32236B0080274E /* Build configuration list for PBXProject "opendata" */;
			compatibilityVersion = "Xcode 3.2";
			developmentRegion = English;
			hasScannedForEncodings = 0;
			knownRegions = (
				en,
				Base,
			);
			mainGroup = 704164731A32236B0080274E;
			productRefGroup = 7041647D1A32236B0080274E /* Products */;
			projectDirPath = "";
			projectRoot = "";
			targets = (
				7041647B1A32236B0080274E /* opendata */,
				704164901A32236C0080274E /* opendataTests */,
			);
		};
/* End PBXProject section */

/* Begin PBXResourcesBuildPhase section */
		7041647A1A32236B0080274E /* Resources */ = {
			isa = PBXResourcesBuildPhase;
			buildActionMask = 2147483647;
			files = (
				704164A41A322D430080274E /* Publicart.json in Resources */,
				704164871A32236B0080274E /* Main.storyboard in Resources */,
				7041648C1A32236C0080274E /* LaunchScreen.xib in Resources */,
				704164891A32236C0080274E /* Images.xcassets in Resources */,
			);
			runOnlyForDeploymentPostprocessing = 0;
		};
		7041648F1A32236C0080274E /* Resources */ = {
			isa = PBXResourcesBuildPhase;
			buildActionMask = 2147483647;
			files = (
			);
			runOnlyForDeploymentPostprocessing = 0;
		};
/* End PBXResourcesBuildPhase section */

/* Begin PBXSourcesBuildPhase section */
		704164781A32236B0080274E /* Sources */ = {
			isa = PBXSourcesBuildPhase;
			buildActionMask = 2147483647;
			files = (
				704164A21A3227510080274E /* Publicart.swift in Sources */,
				704164841A32236B0080274E /* ViewController.swift in Sources */,
				704164821A32236B0080274E /* AppDelegate.swift in Sources */,
				704164A61A3233950080274E /* Extensions.swift in Sources */,
			);
			runOnlyForDeploymentPostprocessing = 0;
		};
		7041648D1A32236C0080274E /* Sources */ = {
			isa = PBXSourcesBuildPhase;
			buildActionMask = 2147483647;
			files = (
				704164981A32236C0080274E /* opendataTests.swift in Sources */,
			);
			runOnlyForDeploymentPostprocessing = 0;
		};
/* End PBXSourcesBuildPhase section */

/* Begin PBXTargetDependency section */
		704164931A32236C0080274E /* PBXTargetDependency */ = {
			isa = PBXTargetDependency;
			target = 7041647B1A32236B0080274E /* opendata */;
			targetProxy = 704164921A32236C0080274E /* PBXContainerItemProxy */;
		};
/* End PBXTargetDependency section */

/* Begin PBXVariantGroup section */
		704164851A32236B0080274E /* Main.storyboard */ = {
			isa = PBXVariantGroup;
			children = (
				704164861A32236B0080274E /* Base */,
			);
			name = Main.storyboard;
			sourceTree = "<group>";
		};
		7041648A1A32236C0080274E /* LaunchScreen.xib */ = {
			isa = PBXVariantGroup;
			children = (
				7041648B1A32236C0080274E /* Base */,
			);
			name = LaunchScreen.xib;
			sourceTree = "<group>";
		};
/* End PBXVariantGroup section */

/* Begin XCBuildConfiguration section */
		704164991A32236C0080274E /* Debug */ = {
			isa = XCBuildConfiguration;
			buildSettings = {
				ALWAYS_SEARCH_USER_PATHS = NO;
				CLANG_CXX_LANGUAGE_STANDARD = "gnu++0x";
				CLANG_CXX_LIBRARY = "libc++";
				CLANG_ENABLE_MODULES = YES;
				CLANG_ENABLE_OBJC_ARC = YES;
				CLANG_WARN_BOOL_CONVERSION = YES;
				CLANG_WARN_CONSTANT_CONVERSION = YES;
				CLANG_WARN_DIRECT_OBJC_ISA_USAGE = YES_ERROR;
				CLANG_WARN_EMPTY_BODY = YES;
				CLANG_WARN_ENUM_CONVERSION = YES;
				CLANG_WARN_INT_CONVERSION = YES;
				CLANG_WARN_OBJC_ROOT_CLASS = YES_ERROR;
				CLANG_WARN_UNREACHABLE_CODE = YES;
				CLANG_WARN__DUPLICATE_METHOD_MATCH = YES;
				"CODE_SIGN_IDENTITY[sdk=iphoneos*]" = "iPhone Developer";
				COPY_PHASE_STRIP = NO;
				ENABLE_STRICT_OBJC_MSGSEND = YES;
				GCC_C_LANGUAGE_STANDARD = gnu99;
				GCC_DYNAMIC_NO_PIC = NO;
				GCC_OPTIMIZATION_LEVEL = 0;
				GCC_PREPROCESSOR_DEFINITIONS = (
					"DEBUG=1",
					"$(inherited)",
				);
				GCC_SYMBOLS_PRIVATE_EXTERN = NO;
				GCC_WARN_64_TO_32_BIT_CONVERSION = YES;
				GCC_WARN_ABOUT_RETURN_TYPE = YES_ERROR;
				GCC_WARN_UNDECLARED_SELECTOR = YES;
				GCC_WARN_UNINITIALIZED_AUTOS = YES_AGGRESSIVE;
				GCC_WARN_UNUSED_FUNCTION = YES;
				GCC_WARN_UNUSED_VARIABLE = YES;
				IPHONEOS_DEPLOYMENT_TARGET = 8.1;
				MTL_ENABLE_DEBUG_INFO = YES;
				ONLY_ACTIVE_ARCH = YES;
				SDKROOT = iphoneos;
				SWIFT_OPTIMIZATION_LEVEL = "-Onone";
				TARGETED_DEVICE_FAMILY = "1,2";
			};
			name = Debug;
		};
		7041649A1A32236C0080274E /* Release */ = {
			isa = XCBuildConfiguration;
			buildSettings = {
				ALWAYS_SEARCH_USER_PATHS = NO;
				CLANG_CXX_LANGUAGE_STANDARD = "gnu++0x";
				CLANG_CXX_LIBRARY = "libc++";
				CLANG_ENABLE_MODULES = YES;
				CLANG_ENABLE_OBJC_ARC = YES;
				CLANG_WARN_BOOL_CONVERSION = YES;
				CLANG_WARN_CONSTANT_CONVERSION = YES;
				CLANG_WARN_DIRECT_OBJC_ISA_USAGE = YES_ERROR;
				CLANG_WARN_EMPTY_BODY = YES;
				CLANG_WARN_ENUM_CONVERSION = YES;
				CLANG_WARN_INT_CONVERSION = YES;
				CLANG_WARN_OBJC_ROOT_CLASS = YES_ERROR;
				CLANG_WARN_UNREACHABLE_CODE = YES;
				CLANG_WARN__DUPLICATE_METHOD_MATCH = YES;
				"CODE_SIGN_IDENTITY[sdk=iphoneos*]" = "iPhone Developer";
				COPY_PHASE_STRIP = YES;
				ENABLE_NS_ASSERTIONS = NO;
				ENABLE_STRICT_OBJC_MSGSEND = YES;
				GCC_C_LANGUAGE_STANDARD = gnu99;
				GCC_WARN_64_TO_32_BIT_CONVERSION = YES;
				GCC_WARN_ABOUT_RETURN_TYPE = YES_ERROR;
				GCC_WARN_UNDECLARED_SELECTOR = YES;
				GCC_WARN_UNINITIALIZED_AUTOS = YES_AGGRESSIVE;
				GCC_WARN_UNUSED_FUNCTION = YES;
				GCC_WARN_UNUSED_VARIABLE = YES;
				IPHONEOS_DEPLOYMENT_TARGET = 8.1;
				MTL_ENABLE_DEBUG_INFO = NO;
				SDKROOT = iphoneos;
				TARGETED_DEVICE_FAMILY = "1,2";
				VALIDATE_PRODUCT = YES;
			};
			name = Release;
		};
		7041649C1A32236C0080274E /* Debug */ = {
			isa = XCBuildConfiguration;
			buildSettings = {
				ASSETCATALOG_COMPILER_APPICON_NAME = AppIcon;
				INFOPLIST_FILE = opendata/Info.plist;
				LD_RUNPATH_SEARCH_PATHS = "$(inherited) @executable_path/Frameworks";
				PRODUCT_NAME = "$(TARGET_NAME)";
			};
			name = Debug;
		};
		7041649D1A32236C0080274E /* Release */ = {
			isa = XCBuildConfiguration;
			buildSettings = {
				ASSETCATALOG_COMPILER_APPICON_NAME = AppIcon;
				INFOPLIST_FILE = opendata/Info.plist;
				LD_RUNPATH_SEARCH_PATHS = "$(inherited) @executable_path/Frameworks";
				PRODUCT_NAME = "$(TARGET_NAME)";
			};
			name = Release;
		};
		7041649F1A32236C0080274E /* Debug */ = {
			isa = XCBuildConfiguration;
			buildSettings = {
				BUNDLE_LOADER = "$(TEST_HOST)";
				FRAMEWORK_SEARCH_PATHS = (
					"$(SDKROOT)/Developer/Library/Frameworks",
					"$(inherited)",
				);
				GCC_PREPROCESSOR_DEFINITIONS = (
					"DEBUG=1",
					"$(inherited)",
				);
				INFOPLIST_FILE = opendataTests/Info.plist;
				LD_RUNPATH_SEARCH_PATHS = "$(inherited) @executable_path/Frameworks @loader_path/Frameworks";
				PRODUCT_NAME = "$(TARGET_NAME)";
				TEST_HOST = "$(BUILT_PRODUCTS_DIR)/opendata.app/opendata";
			};
			name = Debug;
		};
		704164A01A32236C0080274E /* Release */ = {
			isa = XCBuildConfiguration;
			buildSettings = {
				BUNDLE_LOADER = "$(TEST_HOST)";
				FRAMEWORK_SEARCH_PATHS = (
					"$(SDKROOT)/Developer/Library/Frameworks",
					"$(inherited)",
				);
				INFOPLIST_FILE = opendataTests/Info.plist;
				LD_RUNPATH_SEARCH_PATHS = "$(inherited) @executable_path/Frameworks @loader_path/Frameworks";
				PRODUCT_NAME = "$(TARGET_NAME)";
				TEST_HOST = "$(BUILT_PRODUCTS_DIR)/opendata.app/opendata";
			};
			name = Release;
		};
/* End XCBuildConfiguration section */

/* Begin XCConfigurationList section */
		704164771A32236B0080274E /* Build configuration list for PBXProject "opendata" */ = {
			isa = XCConfigurationList;
			buildConfigurations = (
				704164991A32236C0080274E /* Debug */,
				7041649A1A32236C0080274E /* Release */,
			);
			defaultConfigurationIsVisible = 0;
			defaultConfigurationName = Release;
		};
		7041649B1A32236C0080274E /* Build configuration list for PBXNativeTarget "opendata" */ = {
			isa = XCConfigurationList;
			buildConfigurations = (
				7041649C1A32236C0080274E /* Debug */,
				7041649D1A32236C0080274E /* Release */,
			);
			defaultConfigurationIsVisible = 0;
		};
		7041649E1A32236C0080274E /* Build configuration list for PBXNativeTarget "opendataTests" */ = {
			isa = XCConfigurationList;
			buildConfigurations = (
				7041649F1A32236C0080274E /* Debug */,
				704164A01A32236C0080274E /* Release */,
			);
			defaultConfigurationIsVisible = 0;
		};
/* End XCConfigurationList section */
	};
	rootObject = 704164741A32236B0080274E /* Project object */;
}
